// !$*UTF8*$!
{
	archiveVersion = 1;
	classes = {
	};
	objectVersion = 56;
	objects = {

/* Begin PBXBuildFile section */
		041E16132B8D8D3000AD272C /* AppDelegate.swift in Sources */ = {isa = PBXBuildFile; fileRef = 041E16122B8D8D3000AD272C /* AppDelegate.swift */; };
		041E16152B8D8D3000AD272C /* SceneDelegate.swift in Sources */ = {isa = PBXBuildFile; fileRef = 041E16142B8D8D3000AD272C /* SceneDelegate.swift */; };
		041E16172B8D8D3000AD272C /* ViewController.swift in Sources */ = {isa = PBXBuildFile; fileRef = 041E16162B8D8D3000AD272C /* ViewController.swift */; };
		041E161A2B8D8D3000AD272C /* Main.storyboard in Resources */ = {isa = PBXBuildFile; fileRef = 041E16182B8D8D3000AD272C /* Main.storyboard */; };
		041E161C2B8D8D3100AD272C /* Assets.xcassets in Resources */ = {isa = PBXBuildFile; fileRef = 041E161B2B8D8D3100AD272C /* Assets.xcassets */; };
		041E161F2B8D8D3100AD272C /* LaunchScreen.storyboard in Resources */ = {isa = PBXBuildFile; fileRef = 041E161D2B8D8D3100AD272C /* LaunchScreen.storyboard */; };
		041E162A2B8D8D3100AD272C /* oc_vs_swift_demo02Tests.swift in Sources */ = {isa = PBXBuildFile; fileRef = 041E16292B8D8D3100AD272C /* oc_vs_swift_demo02Tests.swift */; };
		041E16342B8D8D3100AD272C /* oc_vs_swift_demo02UITests.swift in Sources */ = {isa = PBXBuildFile; fileRef = 041E16332B8D8D3100AD272C /* oc_vs_swift_demo02UITests.swift */; };
		041E16362B8D8D3100AD272C /* oc_vs_swift_demo02UITestsLaunchTests.swift in Sources */ = {isa = PBXBuildFile; fileRef = 041E16352B8D8D3100AD272C /* oc_vs_swift_demo02UITestsLaunchTests.swift */; };
/* End PBXBuildFile section */

/* Begin PBXContainerItemProxy section */
		041E16262B8D8D3100AD272C /* PBXContainerItemProxy */ = {
			isa = PBXContainerItemProxy;
			containerPortal = 041E16072B8D8D3000AD272C /* Project object */;
			proxyType = 1;
			remoteGlobalIDString = 041E160E2B8D8D3000AD272C;
			remoteInfo = oc_vs_swift_demo02;
		};
		041E16302B8D8D3100AD272C /* PBXContainerItemProxy */ = {
			isa = PBXContainerItemProxy;
			containerPortal = 041E16072B8D8D3000AD272C /* Project object */;
			proxyType = 1;
			remoteGlobalIDString = 041E160E2B8D8D3000AD272C;
			remoteInfo = oc_vs_swift_demo02;
		};
/* End PBXContainerItemProxy section */

/* Begin PBXFileReference section */
		041E160F2B8D8D3000AD272C /* oc_vs_swift_demo02.app */ = {isa = PBXFileReference; explicitFileType = wrapper.application; includeInIndex = 0; path = oc_vs_swift_demo02.app; sourceTree = BUILT_PRODUCTS_DIR; };
		041E16122B8D8D3000AD272C /* AppDelegate.swift */ = {isa = PBXFileReference; lastKnownFileType = sourcecode.swift; path = AppDelegate.swift; sourceTree = "<group>"; };
		041E16142B8D8D3000AD272C /* SceneDelegate.swift */ = {isa = PBXFileReference; lastKnownFileType = sourcecode.swift; path = SceneDelegate.swift; sourceTree = "<group>"; };
		041E16162B8D8D3000AD272C /* ViewController.swift */ = {isa = PBXFileReference; lastKnownFileType = sourcecode.swift; path = ViewController.swift; sourceTree = "<group>"; };
		041E16192B8D8D3000AD272C /* Base */ = {isa = PBXFileReference; lastKnownFileType = file.storyboard; name = Base; path = Base.lproj/Main.storyboard; sourceTree = "<group>"; };
		041E161B2B8D8D3100AD272C /* Assets.xcassets */ = {isa = PBXFileReference; lastKnownFileType = folder.assetcatalog; path = Assets.xcassets; sourceTree = "<group>"; };
		041E161E2B8D8D3100AD272C /* Base */ = {isa = PBXFileReference; lastKnownFileType = file.storyboard; name = Base; path = Base.lproj/LaunchScreen.storyboard; sourceTree = "<group>"; };
		041E16202B8D8D3100AD272C /* Info.plist */ = {isa = PBXFileReference; lastKnownFileType = text.plist.xml; path = Info.plist; sourceTree = "<group>"; };
		041E16252B8D8D3100AD272C /* oc_vs_swift_demo02Tests.xctest */ = {isa = PBXFileReference; explicitFileType = wrapper.cfbundle; includeInIndex = 0; path = oc_vs_swift_demo02Tests.xctest; sourceTree = BUILT_PRODUCTS_DIR; };
		041E16292B8D8D3100AD272C /* oc_vs_swift_demo02Tests.swift */ = {isa = PBXFileReference; lastKnownFileType = sourcecode.swift; path = oc_vs_swift_demo02Tests.swift; sourceTree = "<group>"; };
		041E162F2B8D8D3100AD272C /* oc_vs_swift_demo02UITests.xctest */ = {isa = PBXFileReference; explicitFileType = wrapper.cfbundle; includeInIndex = 0; path = oc_vs_swift_demo02UITests.xctest; sourceTree = BUILT_PRODUCTS_DIR; };
		041E16332B8D8D3100AD272C /* oc_vs_swift_demo02UITests.swift */ = {isa = PBXFileReference; lastKnownFileType = sourcecode.swift; path = oc_vs_swift_demo02UITests.swift; sourceTree = "<group>"; };
		041E16352B8D8D3100AD272C /* oc_vs_swift_demo02UITestsLaunchTests.swift */ = {isa = PBXFileReference; lastKnownFileType = sourcecode.swift; path = oc_vs_swift_demo02UITestsLaunchTests.swift; sourceTree = "<group>"; };
/* End PBXFileReference section */

/* Begin PBXFrameworksBuildPhase section */
		041E160C2B8D8D3000AD272C /* Frameworks */ = {
			isa = PBXFrameworksBuildPhase;
			buildActionMask = 2147483647;
			files = (
			);
			runOnlyForDeploymentPostprocessing = 0;
		};
		041E16222B8D8D3100AD272C /* Frameworks */ = {
			isa = PBXFrameworksBuildPhase;
			buildActionMask = 2147483647;
			files = (
			);
			runOnlyForDeploymentPostprocessing = 0;
		};
		041E162C2B8D8D3100AD272C /* Frameworks */ = {
			isa = PBXFrameworksBuildPhase;
			buildActionMask = 2147483647;
			files = (
			);
			runOnlyForDeploymentPostprocessing = 0;
		};
/* End PBXFrameworksBuildPhase section */

/* Begin PBXGroup section */
		041E16062B8D8D3000AD272C = {
			isa = PBXGroup;
			children = (
				041E16112B8D8D3000AD272C /* oc_vs_swift_demo02 */,
				041E16282B8D8D3100AD272C /* oc_vs_swift_demo02Tests */,
				041E16322B8D8D3100AD272C /* oc_vs_swift_demo02UITests */,
				041E16102B8D8D3000AD272C /* Products */,
			);
			sourceTree = "<group>";
		};
		041E16102B8D8D3000AD272C /* Products */ = {
			isa = PBXGroup;
			children = (
				041E160F2B8D8D3000AD272C /* oc_vs_swift_demo02.app */,
				041E16252B8D8D3100AD272C /* oc_vs_swift_demo02Tests.xctest */,
				041E162F2B8D8D3100AD272C /* oc_vs_swift_demo02UITests.xctest */,
			);
			name = Products;
			sourceTree = "<group>";
		};
		041E16112B8D8D3000AD272C /* oc_vs_swift_demo02 */ = {
			isa = PBXGroup;
			children = (
				041E16122B8D8D3000AD272C /* AppDelegate.swift */,
				041E16142B8D8D3000AD272C /* SceneDelegate.swift */,
				041E16162B8D8D3000AD272C /* ViewController.swift */,
				041E16182B8D8D3000AD272C /* Main.storyboard */,
				041E161B2B8D8D3100AD272C /* Assets.xcassets */,
				041E161D2B8D8D3100AD272C /* LaunchScreen.storyboard */,
				041E16202B8D8D3100AD272C /* Info.plist */,
			);
			path = oc_vs_swift_demo02;
			sourceTree = "<group>";
		};
		041E16282B8D8D3100AD272C /* oc_vs_swift_demo02Tests */ = {
			isa = PBXGroup;
			children = (
				041E16292B8D8D3100AD272C /* oc_vs_swift_demo02Tests.swift */,
			);
			path = oc_vs_swift_demo02Tests;
			sourceTree = "<group>";
		};
		041E16322B8D8D3100AD272C /* oc_vs_swift_demo02UITests */ = {
			isa = PBXGroup;
			children = (
				041E16332B8D8D3100AD272C /* oc_vs_swift_demo02UITests.swift */,
				041E16352B8D8D3100AD272C /* oc_vs_swift_demo02UITestsLaunchTests.swift */,
			);
			path = oc_vs_swift_demo02UITests;
			sourceTree = "<group>";
		};
/* End PBXGroup section */

/* Begin PBXNativeTarget section */
		041E160E2B8D8D3000AD272C /* oc_vs_swift_demo02 */ = {
			isa = PBXNativeTarget;
			buildConfigurationList = 041E16392B8D8D3100AD272C /* Build configuration list for PBXNativeTarget "oc_vs_swift_demo02" */;
			buildPhases = (
				041E160B2B8D8D3000AD272C /* Sources */,
				041E160C2B8D8D3000AD272C /* Frameworks */,
				041E160D2B8D8D3000AD272C /* Resources */,
			);
			buildRules = (
			);
			dependencies = (
			);
			name = oc_vs_swift_demo02;
			productName = oc_vs_swift_demo02;
			productReference = 041E160F2B8D8D3000AD272C /* oc_vs_swift_demo02.app */;
			productType = "com.apple.product-type.application";
		};
		041E16242B8D8D3100AD272C /* oc_vs_swift_demo02Tests */ = {
			isa = PBXNativeTarget;
			buildConfigurationList = 041E163C2B8D8D3100AD272C /* Build configuration list for PBXNativeTarget "oc_vs_swift_demo02Tests" */;
			buildPhases = (
				041E16212B8D8D3100AD272C /* Sources */,
				041E16222B8D8D3100AD272C /* Frameworks */,
				041E16232B8D8D3100AD272C /* Resources */,
			);
			buildRules = (
			);
			dependencies = (
				041E16272B8D8D3100AD272C /* PBXTargetDependency */,
			);
			name = oc_vs_swift_demo02Tests;
			productName = oc_vs_swift_demo02Tests;
			productReference = 041E16252B8D8D3100AD272C /* oc_vs_swift_demo02Tests.xctest */;
			productType = "com.apple.product-type.bundle.unit-test";
		};
		041E162E2B8D8D3100AD272C /* oc_vs_swift_demo02UITests */ = {
			isa = PBXNativeTarget;
			buildConfigurationList = 041E163F2B8D8D3100AD272C /* Build configuration list for PBXNativeTarget "oc_vs_swift_demo02UITests" */;
			buildPhases = (
				041E162B2B8D8D3100AD272C /* Sources */,
				041E162C2B8D8D3100AD272C /* Frameworks */,
				041E162D2B8D8D3100AD272C /* Resources */,
			);
			buildRules = (
			);
			dependencies = (
				041E16312B8D8D3100AD272C /* PBXTargetDependency */,
			);
			name = oc_vs_swift_demo02UITests;
			productName = oc_vs_swift_demo02UITests;
			productReference = 041E162F2B8D8D3100AD272C /* oc_vs_swift_demo02UITests.xctest */;
			productType = "com.apple.product-type.bundle.ui-testing";
		};
/* End PBXNativeTarget section */

/* Begin PBXProject section */
		041E16072B8D8D3000AD272C /* Project object */ = {
			isa = PBXProject;
			attributes = {
				BuildIndependentTargetsInParallel = 1;
				LastSwiftUpdateCheck = 1420;
				LastUpgradeCheck = 1420;
				TargetAttributes = {
					041E160E2B8D8D3000AD272C = {
						CreatedOnToolsVersion = 14.2;
					};
					041E16242B8D8D3100AD272C = {
						CreatedOnToolsVersion = 14.2;
						TestTargetID = 041E160E2B8D8D3000AD272C;
					};
					041E162E2B8D8D3100AD272C = {
						CreatedOnToolsVersion = 14.2;
						TestTargetID = 041E160E2B8D8D3000AD272C;
					};
				};
			};
			buildConfigurationList = 041E160A2B8D8D3000AD272C /* Build configuration list for PBXProject "oc_vs_swift_demo02" */;
			compatibilityVersion = "Xcode 14.0";
			developmentRegion = en;
			hasScannedForEncodings = 0;
			knownRegions = (
				en,
				Base,
			);
			mainGroup = 041E16062B8D8D3000AD272C;
			productRefGroup = 041E16102B8D8D3000AD272C /* Products */;
			projectDirPath = "";
			projectRoot = "";
			targets = (
				041E160E2B8D8D3000AD272C /* oc_vs_swift_demo02 */,
				041E16242B8D8D3100AD272C /* oc_vs_swift_demo02Tests */,
				041E162E2B8D8D3100AD272C /* oc_vs_swift_demo02UITests */,
			);
		};
/* End PBXProject section */

/* Begin PBXResourcesBuildPhase section */
		041E160D2B8D8D3000AD272C /* Resources */ = {
			isa = PBXResourcesBuildPhase;
			buildActionMask = 2147483647;
			files = (
				041E161F2B8D8D3100AD272C /* LaunchScreen.storyboard in Resources */,
				041E161C2B8D8D3100AD272C /* Assets.xcassets in Resources */,
				041E161A2B8D8D3000AD272C /* Main.storyboard in Resources */,
			);
			runOnlyForDeploymentPostprocessing = 0;
		};
		041E16232B8D8D3100AD272C /* Resources */ = {
			isa = PBXResourcesBuildPhase;
			buildActionMask = 2147483647;
			files = (
			);
			runOnlyForDeploymentPostprocessing = 0;
		};
		041E162D2B8D8D3100AD272C /* Resources */ = {
			isa = PBXResourcesBuildPhase;
			buildActionMask = 2147483647;
			files = (
			);
			runOnlyForDeploymentPostprocessing = 0;
		};
/* End PBXResourcesBuildPhase section */

/* Begin PBXSourcesBuildPhase section */
		041E160B2B8D8D3000AD272C /* Sources */ = {
			isa = PBXSourcesBuildPhase;
			buildActionMask = 2147483647;
			files = (
				041E16172B8D8D3000AD272C /* ViewController.swift in Sources */,
				041E16132B8D8D3000AD272C /* AppDelegate.swift in Sources */,
				041E16152B8D8D3000AD272C /* SceneDelegate.swift in Sources */,
			);
			runOnlyForDeploymentPostprocessing = 0;
		};
		041E16212B8D8D3100AD272C /* Sources */ = {
			isa = PBXSourcesBuildPhase;
			buildActionMask = 2147483647;
			files = (
				041E162A2B8D8D3100AD272C /* oc_vs_swift_demo02Tests.swift in Sources */,
			);
			runOnlyForDeploymentPostprocessing = 0;
		};
		041E162B2B8D8D3100AD272C /* Sources */ = {
			isa = PBXSourcesBuildPhase;
			buildActionMask = 2147483647;
			files = (
				041E16362B8D8D3100AD272C /* oc_vs_swift_demo02UITestsLaunchTests.swift in Sources */,
				041E16342B8D8D3100AD272C /* oc_vs_swift_demo02UITests.swift in Sources */,
			);
			runOnlyForDeploymentPostprocessing = 0;
		};
/* End PBXSourcesBuildPhase section */

/* Begin PBXTargetDependency section */
		041E16272B8D8D3100AD272C /* PBXTargetDependency */ = {
			isa = PBXTargetDependency;
			target = 041E160E2B8D8D3000AD272C /* oc_vs_swift_demo02 */;
			targetProxy = 041E16262B8D8D3100AD272C /* PBXContainerItemProxy */;
		};
		041E16312B8D8D3100AD272C /* PBXTargetDependency */ = {
			isa = PBXTargetDependency;
			target = 041E160E2B8D8D3000AD272C /* oc_vs_swift_demo02 */;
			targetProxy = 041E16302B8D8D3100AD272C /* PBXContainerItemProxy */;
		};
/* End PBXTargetDependency section */

/* Begin PBXVariantGroup section */
		041E16182B8D8D3000AD272C /* Main.storyboard */ = {
			isa = PBXVariantGroup;
			children = (
				041E16192B8D8D3000AD272C /* Base */,
			);
			name = Main.storyboard;
			sourceTree = "<group>";
		};
		041E161D2B8D8D3100AD272C /* LaunchScreen.storyboard */ = {
			isa = PBXVariantGroup;
			children = (
				041E161E2B8D8D3100AD272C /* Base */,
			);
			name = LaunchScreen.storyboard;
			sourceTree = "<group>";
		};
/* End PBXVariantGroup section */

/* Begin XCBuildConfiguration section */
		041E16372B8D8D3100AD272C /* Debug */ = {
			isa = XCBuildConfiguration;
			buildSettings = {
				ALWAYS_SEARCH_USER_PATHS = NO;
				CLANG_ANALYZER_NONNULL = YES;
				CLANG_ANALYZER_NUMBER_OBJECT_CONVERSION = YES_AGGRESSIVE;
				CLANG_CXX_LANGUAGE_STANDARD = "gnu++20";
				CLANG_ENABLE_MODULES = YES;
				CLANG_ENABLE_OBJC_ARC = YES;
				CLANG_ENABLE_OBJC_WEAK = YES;
				CLANG_WARN_BLOCK_CAPTURE_AUTORELEASING = YES;
				CLANG_WARN_BOOL_CONVERSION = YES;
				CLANG_WARN_COMMA = YES;
				CLANG_WARN_CONSTANT_CONVERSION = YES;
				CLANG_WARN_DEPRECATED_OBJC_IMPLEMENTATIONS = YES;
				CLANG_WARN_DIRECT_OBJC_ISA_USAGE = YES_ERROR;
				CLANG_WARN_DOCUMENTATION_COMMENTS = YES;
				CLANG_WARN_EMPTY_BODY = YES;
				CLANG_WARN_ENUM_CONVERSION = YES;
				CLANG_WARN_INFINITE_RECURSION = YES;
				CLANG_WARN_INT_CONVERSION = YES;
				CLANG_WARN_NON_LITERAL_NULL_CONVERSION = YES;
				CLANG_WARN_OBJC_IMPLICIT_RETAIN_SELF = YES;
				CLANG_WARN_OBJC_LITERAL_CONVERSION = YES;
				CLANG_WARN_OBJC_ROOT_CLASS = YES_ERROR;
				CLANG_WARN_QUOTED_INCLUDE_IN_FRAMEWORK_HEADER = YES;
				CLANG_WARN_RANGE_LOOP_ANALYSIS = YES;
				CLANG_WARN_STRICT_PROTOTYPES = YES;
				CLANG_WARN_SUSPICIOUS_MOVE = YES;
				CLANG_WARN_UNGUARDED_AVAILABILITY = YES_AGGRESSIVE;
				CLANG_WARN_UNREACHABLE_CODE = YES;
				CLANG_WARN__DUPLICATE_METHOD_MATCH = YES;
				COPY_PHASE_STRIP = NO;
				DEBUG_INFORMATION_FORMAT = dwarf;
				ENABLE_STRICT_OBJC_MSGSEND = YES;
				ENABLE_TESTABILITY = YES;
				GCC_C_LANGUAGE_STANDARD = gnu11;
				GCC_DYNAMIC_NO_PIC = NO;
				GCC_NO_COMMON_BLOCKS = YES;
				GCC_OPTIMIZATION_LEVEL = 0;
				GCC_PREPROCESSOR_DEFINITIONS = (
					"DEBUG=1",
					"$(inherited)",
				);
				GCC_WARN_64_TO_32_BIT_CONVERSION = YES;
				GCC_WARN_ABOUT_RETURN_TYPE = YES_ERROR;
				GCC_WARN_UNDECLARED_SELECTOR = YES;
				GCC_WARN_UNINITIALIZED_AUTOS = YES_AGGRESSIVE;
				GCC_WARN_UNUSED_FUNCTION = YES;
				GCC_WARN_UNUSED_VARIABLE = YES;
				IPHONEOS_DEPLOYMENT_TARGET = 16.2;
				MTL_ENABLE_DEBUG_INFO = INCLUDE_SOURCE;
				MTL_FAST_MATH = YES;
				ONLY_ACTIVE_ARCH = YES;
				SDKROOT = iphoneos;
				SWIFT_ACTIVE_COMPILATION_CONDITIONS = DEBUG;
				SWIFT_OPTIMIZATION_LEVEL = "-Onone";
			};
			name = Debug;
		};
		041E16382B8D8D3100AD272C /* Release */ = {
			isa = XCBuildConfiguration;
			buildSettings = {
				ALWAYS_SEARCH_USER_PATHS = NO;
				CLANG_ANALYZER_NONNULL = YES;
				CLANG_ANALYZER_NUMBER_OBJECT_CONVERSION = YES_AGGRESSIVE;
				CLANG_CXX_LANGUAGE_STANDARD = "gnu++20";
				CLANG_ENABLE_MODULES = YES;
				CLANG_ENABLE_OBJC_ARC = YES;
				CLANG_ENABLE_OBJC_WEAK = YES;
				CLANG_WARN_BLOCK_CAPTURE_AUTORELEASING = YES;
				CLANG_WARN_BOOL_CONVERSION = YES;
				CLANG_WARN_COMMA = YES;
				CLANG_WARN_CONSTANT_CONVERSION = YES;
				CLANG_WARN_DEPRECATED_OBJC_IMPLEMENTATIONS = YES;
				CLANG_WARN_DIRECT_OBJC_ISA_USAGE = YES_ERROR;
				CLANG_WARN_DOCUMENTATION_COMMENTS = YES;
				CLANG_WARN_EMPTY_BODY = YES;
				CLANG_WARN_ENUM_CONVERSION = YES;
				CLANG_WARN_INFINITE_RECURSION = YES;
				CLANG_WARN_INT_CONVERSION = YES;
				CLANG_WARN_NON_LITERAL_NULL_CONVERSION = YES;
				CLANG_WARN_OBJC_IMPLICIT_RETAIN_SELF = YES;
				CLANG_WARN_OBJC_LITERAL_CONVERSION = YES;
				CLANG_WARN_OBJC_ROOT_CLASS = YES_ERROR;
				CLANG_WARN_QUOTED_INCLUDE_IN_FRAMEWORK_HEADER = YES;
				CLANG_WARN_RANGE_LOOP_ANALYSIS = YES;
				CLANG_WARN_STRICT_PROTOTYPES = YES;
				CLANG_WARN_SUSPICIOUS_MOVE = YES;
				CLANG_WARN_UNGUARDED_AVAILABILITY = YES_AGGRESSIVE;
				CLANG_WARN_UNREACHABLE_CODE = YES;
				CLANG_WARN__DUPLICATE_METHOD_MATCH = YES;
				COPY_PHASE_STRIP = NO;
				DEBUG_INFORMATION_FORMAT = "dwarf-with-dsym";
				ENABLE_NS_ASSERTIONS = NO;
				ENABLE_STRICT_OBJC_MSGSEND = YES;
				GCC_C_LANGUAGE_STANDARD = gnu11;
				GCC_NO_COMMON_BLOCKS = YES;
				GCC_WARN_64_TO_32_BIT_CONVERSION = YES;
				GCC_WARN_ABOUT_RETURN_TYPE = YES_ERROR;
				GCC_WARN_UNDECLARED_SELECTOR = YES;
				GCC_WARN_UNINITIALIZED_AUTOS = YES_AGGRESSIVE;
				GCC_WARN_UNUSED_FUNCTION = YES;
				GCC_WARN_UNUSED_VARIABLE = YES;
				IPHONEOS_DEPLOYMENT_TARGET = 16.2;
				MTL_ENABLE_DEBUG_INFO = NO;
				MTL_FAST_MATH = YES;
				SDKROOT = iphoneos;
				SWIFT_COMPILATION_MODE = wholemodule;
				SWIFT_OPTIMIZATION_LEVEL = "-O";
				VALIDATE_PRODUCT = YES;
			};
			name = Release;
		};
		041E163A2B8D8D3100AD272C /* Debug */ = {
			isa = XCBuildConfiguration;
			buildSettings = {
				ASSETCATALOG_COMPILER_APPICON_NAME = AppIcon;
				ASSETCATALOG_COMPILER_GLOBAL_ACCENT_COLOR_NAME = AccentColor;
				CODE_SIGN_STYLE = Automatic;
				CURRENT_PROJECT_VERSION = 1;
				DEVELOPMENT_TEAM = YEBPQK9343;
				GENERATE_INFOPLIST_FILE = YES;
				INFOPLIST_FILE = oc_vs_swift_demo02/Info.plist;
				INFOPLIST_KEY_UIApplicationSupportsIndirectInputEvents = YES;
				INFOPLIST_KEY_UILaunchStoryboardName = LaunchScreen;
				INFOPLIST_KEY_UIMainStoryboardFile = Main;
				INFOPLIST_KEY_UISupportedInterfaceOrientations_iPad = "UIInterfaceOrientationPortrait UIInterfaceOrientationPortraitUpsideDown UIInterfaceOrientationLandscapeLeft UIInterfaceOrientationLandscapeRight";
				INFOPLIST_KEY_UISupportedInterfaceOrientations_iPhone = "UIInterfaceOrientationPortrait UIInterfaceOrientationLandscapeLeft UIInterfaceOrientationLandscapeRight";
				LD_RUNPATH_SEARCH_PATHS = (
					"$(inherited)",
					"@executable_path/Frameworks",
				);
				MARKETING_VERSION = 1.0;
				PRODUCT_BUNDLE_IDENTIFIER = "com.ckfantest.oc-vs-swift-demo02";
				PRODUCT_NAME = "$(TARGET_NAME)";
				SWIFT_EMIT_LOC_STRINGS = YES;
				SWIFT_VERSION = 5.0;
				TARGETED_DEVICE_FAMILY = "1,2";
			};
			name = Debug;
		};
		041E163B2B8D8D3100AD272C /* Release */ = {
			isa = XCBuildConfiguration;
			buildSettings = {
				ASSETCATALOG_COMPILER_APPICON_NAME = AppIcon;
				ASSETCATALOG_COMPILER_GLOBAL_ACCENT_COLOR_NAME = AccentColor;
				CODE_SIGN_STYLE = Automatic;
				CURRENT_PROJECT_VERSION = 1;
				DEVELOPMENT_TEAM = YEBPQK9343;
				GENERATE_INFOPLIST_FILE = YES;
				INFOPLIST_FILE = oc_vs_swift_demo02/Info.plist;
				INFOPLIST_KEY_UIApplicationSupportsIndirectInputEvents = YES;
				INFOPLIST_KEY_UILaunchStoryboardName = LaunchScreen;
				INFOPLIST_KEY_UIMainStoryboardFile = Main;
				INFOPLIST_KEY_UISupportedInterfaceOrientations_iPad = "UIInterfaceOrientationPortrait UIInterfaceOrientationPortraitUpsideDown UIInterfaceOrientationLandscapeLeft UIInterfaceOrientationLandscapeRight";
				INFOPLIST_KEY_UISupportedInterfaceOrientations_iPhone = "UIInterfaceOrientationPortrait UIInterfaceOrientationLandscapeLeft UIInterfaceOrientationLandscapeRight";
				LD_RUNPATH_SEARCH_PATHS = (
					"$(inherited)",
					"@executable_path/Frameworks",
				);
				MARKETING_VERSION = 1.0;
				PRODUCT_BUNDLE_IDENTIFIER = "com.ckfantest.oc-vs-swift-demo02";
				PRODUCT_NAME = "$(TARGET_NAME)";
				SWIFT_EMIT_LOC_STRINGS = YES;
				SWIFT_VERSION = 5.0;
				TARGETED_DEVICE_FAMILY = "1,2";
			};
			name = Release;
		};
		041E163D2B8D8D3100AD272C /* Debug */ = {
			isa = XCBuildConfiguration;
			buildSettings = {
				ALWAYS_EMBED_SWIFT_STANDARD_LIBRARIES = YES;
				BUNDLE_LOADER = "$(TEST_HOST)";
				CODE_SIGN_STYLE = Automatic;
				CURRENT_PROJECT_VERSION = 1;
				DEVELOPMENT_TEAM = YEBPQK9343;
				GENERATE_INFOPLIST_FILE = YES;
				IPHONEOS_DEPLOYMENT_TARGET = 16.2;
				MARKETING_VERSION = 1.0;
				PRODUCT_BUNDLE_IDENTIFIER = "com.ckfantest.oc-vs-swift-demo02Tests";
				PRODUCT_NAME = "$(TARGET_NAME)";
				SWIFT_EMIT_LOC_STRINGS = NO;
				SWIFT_VERSION = 5.0;
				TARGETED_DEVICE_FAMILY = "1,2";
				TEST_HOST = "$(BUILT_PRODUCTS_DIR)/oc_vs_swift_demo02.app/$(BUNDLE_EXECUTABLE_FOLDER_PATH)/oc_vs_swift_demo02";
			};
			name = Debug;
		};
		041E163E2B8D8D3100AD272C /* Release */ = {
			isa = XCBuildConfiguration;
			buildSettings = {
				ALWAYS_EMBED_SWIFT_STANDARD_LIBRARIES = YES;
				BUNDLE_LOADER = "$(TEST_HOST)";
				CODE_SIGN_STYLE = Automatic;
				CURRENT_PROJECT_VERSION = 1;
				DEVELOPMENT_TEAM = YEBPQK9343;
				GENERATE_INFOPLIST_FILE = YES;
				IPHONEOS_DEPLOYMENT_TARGET = 16.2;
				MARKETING_VERSION = 1.0;
				PRODUCT_BUNDLE_IDENTIFIER = "com.ckfantest.oc-vs-swift-demo02Tests";
				PRODUCT_NAME = "$(TARGET_NAME)";
				SWIFT_EMIT_LOC_STRINGS = NO;
				SWIFT_VERSION = 5.0;
				TARGETED_DEVICE_FAMILY = "1,2";
				TEST_HOST = "$(BUILT_PRODUCTS_DIR)/oc_vs_swift_demo02.app/$(BUNDLE_EXECUTABLE_FOLDER_PATH)/oc_vs_swift_demo02";
			};
			name = Release;
		};
		041E16402B8D8D3100AD272C /* Debug */ = {
			isa = XCBuildConfiguration;
			buildSettings = {
				ALWAYS_EMBED_SWIFT_STANDARD_LIBRARIES = YES;
				CODE_SIGN_STYLE = Automatic;
				CURRENT_PROJECT_VERSION = 1;
				DEVELOPMENT_TEAM = YEBPQK9343;
				GENERATE_INFOPLIST_FILE = YES;
				MARKETING_VERSION = 1.0;
				PRODUCT_BUNDLE_IDENTIFIER = "com.ckfantest.oc-vs-swift-demo02UITests";
				PRODUCT_NAME = "$(TARGET_NAME)";
				SWIFT_EMIT_LOC_STRINGS = NO;
				SWIFT_VERSION = 5.0;
				TARGETED_DEVICE_FAMILY = "1,2";
				TEST_TARGET_NAME = oc_vs_swift_demo02;
			};
			name = Debug;
		};
		041E16412B8D8D3100AD272C /* Release */ = {
			isa = XCBuildConfiguration;
			buildSettings = {
				ALWAYS_EMBED_SWIFT_STANDARD_LIBRARIES = YES;
				CODE_SIGN_STYLE = Automatic;
				CURRENT_PROJECT_VERSION = 1;
				DEVELOPMENT_TEAM = YEBPQK9343;
				GENERATE_INFOPLIST_FILE = YES;
				MARKETING_VERSION = 1.0;
				PRODUCT_BUNDLE_IDENTIFIER = "com.ckfantest.oc-vs-swift-demo02UITests";
				PRODUCT_NAME = "$(TARGET_NAME)";
				SWIFT_EMIT_LOC_STRINGS = NO;
				SWIFT_VERSION = 5.0;
				TARGETED_DEVICE_FAMILY = "1,2";
				TEST_TARGET_NAME = oc_vs_swift_demo02;
			};
			name = Release;
		};
/* End XCBuildConfiguration section */

/* Begin XCConfigurationList section */
		041E160A2B8D8D3000AD272C /* Build configuration list for PBXProject "oc_vs_swift_demo02" */ = {
			isa = XCConfigurationList;
			buildConfigurations = (
				041E16372B8D8D3100AD272C /* Debug */,
				041E16382B8D8D3100AD272C /* Release */,
			);
			defaultConfigurationIsVisible = 0;
			defaultConfigurationName = Release;
		};
		041E16392B8D8D3100AD272C /* Build configuration list for PBXNativeTarget "oc_vs_swift_demo02" */ = {
			isa = XCConfigurationList;
			buildConfigurations = (
				041E163A2B8D8D3100AD272C /* Debug */,
				041E163B2B8D8D3100AD272C /* Release */,
			);
			defaultConfigurationIsVisible = 0;
			defaultConfigurationName = Release;
		};
		041E163C2B8D8D3100AD272C /* Build configuration list for PBXNativeTarget "oc_vs_swift_demo02Tests" */ = {
			isa = XCConfigurationList;
			buildConfigurations = (
				041E163D2B8D8D3100AD272C /* Debug */,
				041E163E2B8D8D3100AD272C /* Release */,
			);
			defaultConfigurationIsVisible = 0;
			defaultConfigurationName = Release;
		};
		041E163F2B8D8D3100AD272C /* Build configuration list for PBXNativeTarget "oc_vs_swift_demo02UITests" */ = {
			isa = XCConfigurationList;
			buildConfigurations = (
				041E16402B8D8D3100AD272C /* Debug */,
				041E16412B8D8D3100AD272C /* Release */,
			);
			defaultConfigurationIsVisible = 0;
			defaultConfigurationName = Release;
		};
/* End XCConfigurationList section */
	};
	rootObject = 041E16072B8D8D3000AD272C /* Project object */;
}
